
Microsoft Visual Studio Solution File, Format Version 12.00
# Visual Studio 2012
Project("{FAE04EC0-301F-11D3-BF4B-00C04F79EFBC}") = "v2i_communication", "DynamicGreenWave\v2i_communication.csproj", "{935F05F7-19F7-44D1-BA86-5A101B8093B6}"
EndProject
Global
	GlobalSection(SolutionConfigurationPlatforms) = preSolution
		Debug|Any CPU = Debug|Any CPU
		Release|Any CPU = Release|Any CPU
	EndGlobalSection
	GlobalSection(ProjectConfigurationPlatforms) = postSolution
		{935F05F7-19F7-44D1-BA86-5A101B8093B6}.Debug|Any CPU.ActiveCfg = Debug|Any CPU
		{935F05F7-19F7-44D1-BA86-5A101B8093B6}.Debug|Any CPU.Build.0 = Debug|Any CPU
		{935F05F7-19F7-44D1-BA86-5A101B8093B6}.Release|Any CPU.ActiveCfg = Release|Any CPU
		{935F05F7-19F7-44D1-BA86-5A101B8093B6}.Release|Any CPU.Build.0 = Release|Any CPU
	EndGlobalSection
	GlobalSection(SolutionProperties) = preSolution
		HideSolutionNode = FALSE
	EndGlobalSection
EndGlobal
